PODS:
  - Alamofire (5.0.0-beta.3)
  - Eureka (4.3.1)

DEPENDENCIES:
  - Alamofire (~> 5.0.0-beta.3)
  - Eureka

SPEC CHECKSUMS:
  Alamofire: 50d6fa7e8cbe7f84559e86ab641ffd029db655f8
  Eureka: 28ea296f06710f6745266b71f17862048941a32d

PODFILE CHECKSUM: 54d6ff4152d051663356a5af918406dcf92e5684

COCOAPODS: 1.4.0
