// !$*UTF8*$!
{
	archiveVersion = 1;
	classes = {
	};
	objectVersion = 50;
	objects = {

/* Begin PBXBuildFile section */
		5F6249552246E15500394FDE /* AppDelegate.swift in Sources */ = {isa = PBXBuildFile; fileRef = 5F6249542246E15500394FDE /* AppDelegate.swift */; };
		5F6249572246E15500394FDE /* GroupsViewController.swift in Sources */ = {isa = PBXBuildFile; fileRef = 5F6249562246E15500394FDE /* GroupsViewController.swift */; };
		5F62495A2246E15500394FDE /* Main.storyboard in Resources */ = {isa = PBXBuildFile; fileRef = 5F6249582246E15500394FDE /* Main.storyboard */; };
		5F62495C2246E15600394FDE /* Assets.xcassets in Resources */ = {isa = PBXBuildFile; fileRef = 5F62495B2246E15600394FDE /* Assets.xcassets */; };
		5F62495F2246E15600394FDE /* LaunchScreen.storyboard in Resources */ = {isa = PBXBuildFile; fileRef = 5F62495D2246E15600394FDE /* LaunchScreen.storyboard */; };
		5F6249732246E49C00394FDE /* Group.swift in Sources */ = {isa = PBXBuildFile; fileRef = 5F6249722246E49C00394FDE /* Group.swift */; };
		5F6249752246E4C600394FDE /* Post.swift in Sources */ = {isa = PBXBuildFile; fileRef = 5F6249742246E4C600394FDE /* Post.swift */; };
		5F6249772246E4DF00394FDE /* User.swift in Sources */ = {isa = PBXBuildFile; fileRef = 5F6249762246E4DF00394FDE /* User.swift */; };
		5F6249792246E4F200394FDE /* UserGroups.swift in Sources */ = {isa = PBXBuildFile; fileRef = 5F6249782246E4F200394FDE /* UserGroups.swift */; };
		5F62497C2246E68D00394FDE /* GroupsTableViewCell.swift in Sources */ = {isa = PBXBuildFile; fileRef = 5F62497B2246E68D00394FDE /* GroupsTableViewCell.swift */; };
/* End PBXBuildFile section */

/* Begin PBXFileReference section */
		5F6249512246E15500394FDE /* Grupos Camino Santiago.app */ = {isa = PBXFileReference; explicitFileType = wrapper.application; includeInIndex = 0; path = "Grupos Camino Santiago.app"; sourceTree = BUILT_PRODUCTS_DIR; };
		5F6249542246E15500394FDE /* AppDelegate.swift */ = {isa = PBXFileReference; lastKnownFileType = sourcecode.swift; path = AppDelegate.swift; sourceTree = "<group>"; };
		5F6249562246E15500394FDE /* GroupsViewController.swift */ = {isa = PBXFileReference; lastKnownFileType = sourcecode.swift; path = GroupsViewController.swift; sourceTree = "<group>"; };
		5F6249592246E15500394FDE /* Base */ = {isa = PBXFileReference; lastKnownFileType = file.storyboard; name = Base; path = Base.lproj/Main.storyboard; sourceTree = "<group>"; };
		5F62495B2246E15600394FDE /* Assets.xcassets */ = {isa = PBXFileReference; lastKnownFileType = folder.assetcatalog; path = Assets.xcassets; sourceTree = "<group>"; };
		5F62495E2246E15600394FDE /* Base */ = {isa = PBXFileReference; lastKnownFileType = file.storyboard; name = Base; path = Base.lproj/LaunchScreen.storyboard; sourceTree = "<group>"; };
		5F6249602246E15600394FDE /* Info.plist */ = {isa = PBXFileReference; lastKnownFileType = text.plist.xml; path = Info.plist; sourceTree = "<group>"; };
		5F6249722246E49C00394FDE /* Group.swift */ = {isa = PBXFileReference; lastKnownFileType = sourcecode.swift; name = Group.swift; path = ../../../Group.swift; sourceTree = "<group>"; };
		5F6249742246E4C600394FDE /* Post.swift */ = {isa = PBXFileReference; lastKnownFileType = sourcecode.swift; name = Post.swift; path = ../../../Post.swift; sourceTree = "<group>"; };
		5F6249762246E4DF00394FDE /* User.swift */ = {isa = PBXFileReference; lastKnownFileType = sourcecode.swift; name = User.swift; path = ../../../User.swift; sourceTree = "<group>"; };
		5F6249782246E4F200394FDE /* UserGroups.swift */ = {isa = PBXFileReference; lastKnownFileType = sourcecode.swift; name = UserGroups.swift; path = ../../../UserGroups.swift; sourceTree = "<group>"; };
		5F62497B2246E68D00394FDE /* GroupsTableViewCell.swift */ = {isa = PBXFileReference; lastKnownFileType = sourcecode.swift; path = GroupsTableViewCell.swift; sourceTree = "<group>"; };
/* End PBXFileReference section */

/* Begin PBXFrameworksBuildPhase section */
		5F62494E2246E15500394FDE /* Frameworks */ = {
			isa = PBXFrameworksBuildPhase;
			buildActionMask = 2147483647;
			files = (
			);
			runOnlyForDeploymentPostprocessing = 0;
		};
/* End PBXFrameworksBuildPhase section */

/* Begin PBXGroup section */
		5F6249482246E15500394FDE = {
			isa = PBXGroup;
			children = (
				5F6249532246E15500394FDE /* Grupos Camino Santiago */,
				5F6249522246E15500394FDE /* Products */,
			);
			sourceTree = "<group>";
		};
		5F6249522246E15500394FDE /* Products */ = {
			isa = PBXGroup;
			children = (
				5F6249512246E15500394FDE /* Grupos Camino Santiago.app */,
			);
			name = Products;
			sourceTree = "<group>";
		};
		5F6249532246E15500394FDE /* Grupos Camino Santiago */ = {
			isa = PBXGroup;
			children = (
				5F62497A2246E51300394FDE /* Groups List */,
				5F6249712246E42A00394FDE /* Repository */,
				5F6249662246E23000394FDE /* Model */,
				5F6249582246E15500394FDE /* Main.storyboard */,
				5F6249542246E15500394FDE /* AppDelegate.swift */,
				5F62495B2246E15600394FDE /* Assets.xcassets */,
				5F62495D2246E15600394FDE /* LaunchScreen.storyboard */,
				5F6249602246E15600394FDE /* Info.plist */,
			);
			path = "Grupos Camino Santiago";
			sourceTree = "<group>";
		};
		5F6249662246E23000394FDE /* Model */ = {
			isa = PBXGroup;
			children = (
				5F6249722246E49C00394FDE /* Group.swift */,
				5F6249742246E4C600394FDE /* Post.swift */,
				5F6249762246E4DF00394FDE /* User.swift */,
				5F6249782246E4F200394FDE /* UserGroups.swift */,
			);
			path = Model;
			sourceTree = "<group>";
		};
		5F6249712246E42A00394FDE /* Repository */ = {
			isa = PBXGroup;
			children = (
			);
			path = Repository;
			sourceTree = "<group>";
		};
		5F62497A2246E51300394FDE /* Groups List */ = {
			isa = PBXGroup;
			children = (
				5F6249562246E15500394FDE /* GroupsViewController.swift */,
				5F62497B2246E68D00394FDE /* GroupsTableViewCell.swift */,
			);
			path = "Groups List";
			sourceTree = "<group>";
		};
/* End PBXGroup section */

/* Begin PBXNativeTarget section */
		5F6249502246E15500394FDE /* Grupos Camino Santiago */ = {
			isa = PBXNativeTarget;
			buildConfigurationList = 5F6249632246E15600394FDE /* Build configuration list for PBXNativeTarget "Grupos Camino Santiago" */;
			buildPhases = (
				5F62494D2246E15500394FDE /* Sources */,
				5F62494E2246E15500394FDE /* Frameworks */,
				5F62494F2246E15500394FDE /* Resources */,
			);
			buildRules = (
			);
			dependencies = (
			);
			name = "Grupos Camino Santiago";
			productName = "Grupos Camino Santiago";
			productReference = 5F6249512246E15500394FDE /* Grupos Camino Santiago.app */;
			productType = "com.apple.product-type.application";
		};
/* End PBXNativeTarget section */

/* Begin PBXProject section */
		5F6249492246E15500394FDE /* Project object */ = {
			isa = PBXProject;
			attributes = {
				LastSwiftUpdateCheck = 1010;
				LastUpgradeCheck = 1010;
				ORGANIZATIONNAME = "Miguel Pérez";
				TargetAttributes = {
					5F6249502246E15500394FDE = {
						CreatedOnToolsVersion = 10.1;
					};
				};
			};
			buildConfigurationList = 5F62494C2246E15500394FDE /* Build configuration list for PBXProject "Grupos Camino Santiago" */;
			compatibilityVersion = "Xcode 9.3";
			developmentRegion = en;
			hasScannedForEncodings = 0;
			knownRegions = (
				en,
				Base,
			);
			mainGroup = 5F6249482246E15500394FDE;
			productRefGroup = 5F6249522246E15500394FDE /* Products */;
			projectDirPath = "";
			projectRoot = "";
			targets = (
				5F6249502246E15500394FDE /* Grupos Camino Santiago */,
			);
		};
/* End PBXProject section */

/* Begin PBXResourcesBuildPhase section */
		5F62494F2246E15500394FDE /* Resources */ = {
			isa = PBXResourcesBuildPhase;
			buildActionMask = 2147483647;
			files = (
				5F62495F2246E15600394FDE /* LaunchScreen.storyboard in Resources */,
				5F62495C2246E15600394FDE /* Assets.xcassets in Resources */,
				5F62495A2246E15500394FDE /* Main.storyboard in Resources */,
			);
			runOnlyForDeploymentPostprocessing = 0;
		};
/* End PBXResourcesBuildPhase section */

/* Begin PBXSourcesBuildPhase section */
		5F62494D2246E15500394FDE /* Sources */ = {
			isa = PBXSourcesBuildPhase;
			buildActionMask = 2147483647;
			files = (
				5F6249732246E49C00394FDE /* Group.swift in Sources */,
				5F6249572246E15500394FDE /* GroupsViewController.swift in Sources */,
				5F6249792246E4F200394FDE /* UserGroups.swift in Sources */,
				5F62497C2246E68D00394FDE /* GroupsTableViewCell.swift in Sources */,
				5F6249552246E15500394FDE /* AppDelegate.swift in Sources */,
				5F6249772246E4DF00394FDE /* User.swift in Sources */,
				5F6249752246E4C600394FDE /* Post.swift in Sources */,
			);
			runOnlyForDeploymentPostprocessing = 0;
		};
/* End PBXSourcesBuildPhase section */

/* Begin PBXVariantGroup section */
		5F6249582246E15500394FDE /* Main.storyboard */ = {
			isa = PBXVariantGroup;
			children = (
				5F6249592246E15500394FDE /* Base */,
			);
			name = Main.storyboard;
			sourceTree = "<group>";
		};
		5F62495D2246E15600394FDE /* LaunchScreen.storyboard */ = {
			isa = PBXVariantGroup;
			children = (
				5F62495E2246E15600394FDE /* Base */,
			);
			name = LaunchScreen.storyboard;
			sourceTree = "<group>";
		};
/* End PBXVariantGroup section */

/* Begin XCBuildConfiguration section */
		5F6249612246E15600394FDE /* Debug */ = {
			isa = XCBuildConfiguration;
			buildSettings = {
				ALWAYS_SEARCH_USER_PATHS = NO;
				CLANG_ANALYZER_NONNULL = YES;
				CLANG_ANALYZER_NUMBER_OBJECT_CONVERSION = YES_AGGRESSIVE;
				CLANG_CXX_LANGUAGE_STANDARD = "gnu++14";
				CLANG_CXX_LIBRARY = "libc++";
				CLANG_ENABLE_MODULES = YES;
				CLANG_ENABLE_OBJC_ARC = YES;
				CLANG_ENABLE_OBJC_WEAK = YES;
				CLANG_WARN_BLOCK_CAPTURE_AUTORELEASING = YES;
				CLANG_WARN_BOOL_CONVERSION = YES;
				CLANG_WARN_COMMA = YES;
				CLANG_WARN_CONSTANT_CONVERSION = YES;
				CLANG_WARN_DEPRECATED_OBJC_IMPLEMENTATIONS = YES;
				CLANG_WARN_DIRECT_OBJC_ISA_USAGE = YES_ERROR;
				CLANG_WARN_DOCUMENTATION_COMMENTS = YES;
				CLANG_WARN_EMPTY_BODY = YES;
				CLANG_WARN_ENUM_CONVERSION = YES;
				CLANG_WARN_INFINITE_RECURSION = YES;
				CLANG_WARN_INT_CONVERSION = YES;
				CLANG_WARN_NON_LITERAL_NULL_CONVERSION = YES;
				CLANG_WARN_OBJC_IMPLICIT_RETAIN_SELF = YES;
				CLANG_WARN_OBJC_LITERAL_CONVERSION = YES;
				CLANG_WARN_OBJC_ROOT_CLASS = YES_ERROR;
				CLANG_WARN_RANGE_LOOP_ANALYSIS = YES;
				CLANG_WARN_STRICT_PROTOTYPES = YES;
				CLANG_WARN_SUSPICIOUS_MOVE = YES;
				CLANG_WARN_UNGUARDED_AVAILABILITY = YES_AGGRESSIVE;
				CLANG_WARN_UNREACHABLE_CODE = YES;
				CLANG_WARN__DUPLICATE_METHOD_MATCH = YES;
				CODE_SIGN_IDENTITY = "iPhone Developer";
				COPY_PHASE_STRIP = NO;
				DEBUG_INFORMATION_FORMAT = dwarf;
				ENABLE_STRICT_OBJC_MSGSEND = YES;
				ENABLE_TESTABILITY = YES;
				GCC_C_LANGUAGE_STANDARD = gnu11;
				GCC_DYNAMIC_NO_PIC = NO;
				GCC_NO_COMMON_BLOCKS = YES;
				GCC_OPTIMIZATION_LEVEL = 0;
				GCC_PREPROCESSOR_DEFINITIONS = (
					"DEBUG=1",
					"$(inherited)",
				);
				GCC_WARN_64_TO_32_BIT_CONVERSION = YES;
				GCC_WARN_ABOUT_RETURN_TYPE = YES_ERROR;
				GCC_WARN_UNDECLARED_SELECTOR = YES;
				GCC_WARN_UNINITIALIZED_AUTOS = YES_AGGRESSIVE;
				GCC_WARN_UNUSED_FUNCTION = YES;
				GCC_WARN_UNUSED_VARIABLE = YES;
				IPHONEOS_DEPLOYMENT_TARGET = 12.1;
				MTL_ENABLE_DEBUG_INFO = INCLUDE_SOURCE;
				MTL_FAST_MATH = YES;
				ONLY_ACTIVE_ARCH = YES;
				SDKROOT = iphoneos;
				SWIFT_ACTIVE_COMPILATION_CONDITIONS = DEBUG;
				SWIFT_OPTIMIZATION_LEVEL = "-Onone";
			};
			name = Debug;
		};
		5F6249622246E15600394FDE /* Release */ = {
			isa = XCBuildConfiguration;
			buildSettings = {
				ALWAYS_SEARCH_USER_PATHS = NO;
				CLANG_ANALYZER_NONNULL = YES;
				CLANG_ANALYZER_NUMBER_OBJECT_CONVERSION = YES_AGGRESSIVE;
				CLANG_CXX_LANGUAGE_STANDARD = "gnu++14";
				CLANG_CXX_LIBRARY = "libc++";
				CLANG_ENABLE_MODULES = YES;
				CLANG_ENABLE_OBJC_ARC = YES;
				CLANG_ENABLE_OBJC_WEAK = YES;
				CLANG_WARN_BLOCK_CAPTURE_AUTORELEASING = YES;
				CLANG_WARN_BOOL_CONVERSION = YES;
				CLANG_WARN_COMMA = YES;
				CLANG_WARN_CONSTANT_CONVERSION = YES;
				CLANG_WARN_DEPRECATED_OBJC_IMPLEMENTATIONS = YES;
				CLANG_WARN_DIRECT_OBJC_ISA_USAGE = YES_ERROR;
				CLANG_WARN_DOCUMENTATION_COMMENTS = YES;
				CLANG_WARN_EMPTY_BODY = YES;
				CLANG_WARN_ENUM_CONVERSION = YES;
				CLANG_WARN_INFINITE_RECURSION = YES;
				CLANG_WARN_INT_CONVERSION = YES;
				CLANG_WARN_NON_LITERAL_NULL_CONVERSION = YES;
				CLANG_WARN_OBJC_IMPLICIT_RETAIN_SELF = YES;
				CLANG_WARN_OBJC_LITERAL_CONVERSION = YES;
				CLANG_WARN_OBJC_ROOT_CLASS = YES_ERROR;
				CLANG_WARN_RANGE_LOOP_ANALYSIS = YES;
				CLANG_WARN_STRICT_PROTOTYPES = YES;
				CLANG_WARN_SUSPICIOUS_MOVE = YES;
				CLANG_WARN_UNGUARDED_AVAILABILITY = YES_AGGRESSIVE;
				CLANG_WARN_UNREACHABLE_CODE = YES;
				CLANG_WARN__DUPLICATE_METHOD_MATCH = YES;
				CODE_SIGN_IDENTITY = "iPhone Developer";
				COPY_PHASE_STRIP = NO;
				DEBUG_INFORMATION_FORMAT = "dwarf-with-dsym";
				ENABLE_NS_ASSERTIONS = NO;
				ENABLE_STRICT_OBJC_MSGSEND = YES;
				GCC_C_LANGUAGE_STANDARD = gnu11;
				GCC_NO_COMMON_BLOCKS = YES;
				GCC_WARN_64_TO_32_BIT_CONVERSION = YES;
				GCC_WARN_ABOUT_RETURN_TYPE = YES_ERROR;
				GCC_WARN_UNDECLARED_SELECTOR = YES;
				GCC_WARN_UNINITIALIZED_AUTOS = YES_AGGRESSIVE;
				GCC_WARN_UNUSED_FUNCTION = YES;
				GCC_WARN_UNUSED_VARIABLE = YES;
				IPHONEOS_DEPLOYMENT_TARGET = 12.1;
				MTL_ENABLE_DEBUG_INFO = NO;
				MTL_FAST_MATH = YES;
				SDKROOT = iphoneos;
				SWIFT_COMPILATION_MODE = wholemodule;
				SWIFT_OPTIMIZATION_LEVEL = "-O";
				VALIDATE_PRODUCT = YES;
			};
			name = Release;
		};
		5F6249642246E15600394FDE /* Debug */ = {
			isa = XCBuildConfiguration;
			buildSettings = {
				ASSETCATALOG_COMPILER_APPICON_NAME = AppIcon;
				CODE_SIGN_STYLE = Automatic;
				DEVELOPMENT_TEAM = FT7Q388UHJ;
				INFOPLIST_FILE = "Grupos Camino Santiago/Info.plist";
				IPHONEOS_DEPLOYMENT_TARGET = 11.0;
				LD_RUNPATH_SEARCH_PATHS = (
					"$(inherited)",
					"@executable_path/Frameworks",
				);
				PRODUCT_BUNDLE_IDENTIFIER = "es.upsa.mimo.Grupos-Camino-Santiago";
				PRODUCT_NAME = "$(TARGET_NAME)";
				SWIFT_VERSION = 4.2;
				TARGETED_DEVICE_FAMILY = "1,2";
			};
			name = Debug;
		};
		5F6249652246E15600394FDE /* Release */ = {
			isa = XCBuildConfiguration;
			buildSettings = {
				ASSETCATALOG_COMPILER_APPICON_NAME = AppIcon;
				CODE_SIGN_STYLE = Automatic;
				DEVELOPMENT_TEAM = FT7Q388UHJ;
				INFOPLIST_FILE = "Grupos Camino Santiago/Info.plist";
				IPHONEOS_DEPLOYMENT_TARGET = 11.0;
				LD_RUNPATH_SEARCH_PATHS = (
					"$(inherited)",
					"@executable_path/Frameworks",
				);
				PRODUCT_BUNDLE_IDENTIFIER = "es.upsa.mimo.Grupos-Camino-Santiago";
				PRODUCT_NAME = "$(TARGET_NAME)";
				SWIFT_VERSION = 4.2;
				TARGETED_DEVICE_FAMILY = "1,2";
			};
			name = Release;
		};
/* End XCBuildConfiguration section */

/* Begin XCConfigurationList section */
		5F62494C2246E15500394FDE /* Build configuration list for PBXProject "Grupos Camino Santiago" */ = {
			isa = XCConfigurationList;
			buildConfigurations = (
				5F6249612246E15600394FDE /* Debug */,
				5F6249622246E15600394FDE /* Release */,
			);
			defaultConfigurationIsVisible = 0;
			defaultConfigurationName = Release;
		};
		5F6249632246E15600394FDE /* Build configuration list for PBXNativeTarget "Grupos Camino Santiago" */ = {
			isa = XCConfigurationList;
			buildConfigurations = (
				5F6249642246E15600394FDE /* Debug */,
				5F6249652246E15600394FDE /* Release */,
			);
			defaultConfigurationIsVisible = 0;
			defaultConfigurationName = Release;
		};
/* End XCConfigurationList section */
	};
	rootObject = 5F6249492246E15500394FDE /* Project object */;
}
