// !$*UTF8*$!
{
	archiveVersion = 1;
	classes = {
	};
	objectVersion = 50;
	objects = {

/* Begin PBXBuildFile section */
		1D2D3C281C8B10620BEFEE0E /* Pods_Grupos_Camino_Santiago.framework in Frameworks */ = {isa = PBXBuildFile; fileRef = 62DFD874927CF6C5021228A8 /* Pods_Grupos_Camino_Santiago.framework */; };
		5F522AAE224A9CB8006D9CDB /* GroupListViewController.swift in Sources */ = {isa = PBXBuildFile; fileRef = 5F522AAD224A9CB8006D9CDB /* GroupListViewController.swift */; };
		5F6249552246E15500394FDE /* AppDelegate.swift in Sources */ = {isa = PBXBuildFile; fileRef = 5F6249542246E15500394FDE /* AppDelegate.swift */; };
		5F62495A2246E15500394FDE /* Main.storyboard in Resources */ = {isa = PBXBuildFile; fileRef = 5F6249582246E15500394FDE /* Main.storyboard */; };
		5F62495C2246E15600394FDE /* Assets.xcassets in Resources */ = {isa = PBXBuildFile; fileRef = 5F62495B2246E15600394FDE /* Assets.xcassets */; };
		5F62495F2246E15600394FDE /* LaunchScreen.storyboard in Resources */ = {isa = PBXBuildFile; fileRef = 5F62495D2246E15600394FDE /* LaunchScreen.storyboard */; };
		5F62497E2246E98200394FDE /* GroupsRepository.swift in Sources */ = {isa = PBXBuildFile; fileRef = 5F62497D2246E98200394FDE /* GroupsRepository.swift */; };
		5F6249802246EAF200394FDE /* GroupViewModel.swift in Sources */ = {isa = PBXBuildFile; fileRef = 5F62497F2246EAF200394FDE /* GroupViewModel.swift */; };
		5F6249822246ECBE00394FDE /* GroupListViewModel.swift in Sources */ = {isa = PBXBuildFile; fileRef = 5F6249812246ECBE00394FDE /* GroupListViewModel.swift */; };
		5F6249932246FF8D00394FDE /* Post.swift in Sources */ = {isa = PBXBuildFile; fileRef = 5F6249902246FE9800394FDE /* Post.swift */; };
		5F6249942246FF8D00394FDE /* UserGroups.swift in Sources */ = {isa = PBXBuildFile; fileRef = 5F6249922246FE9800394FDE /* UserGroups.swift */; };
		5F6249952246FF8D00394FDE /* Group.swift in Sources */ = {isa = PBXBuildFile; fileRef = 5F6249912246FE9800394FDE /* Group.swift */; };
		5F6249962246FF8D00394FDE /* User.swift in Sources */ = {isa = PBXBuildFile; fileRef = 5F62498F2246FE9800394FDE /* User.swift */; };
		5F62499A2247984A00394FDE /* MainRouteCoordinator.swift in Sources */ = {isa = PBXBuildFile; fileRef = 5F62499822478D0300394FDE /* MainRouteCoordinator.swift */; };
		5F62499E2247991D00394FDE /* AddGroupViewController.swift in Sources */ = {isa = PBXBuildFile; fileRef = 5F62499C2247991D00394FDE /* AddGroupViewController.swift */; };
		5F62499F2247991D00394FDE /* AddGroupViewController.xib in Resources */ = {isa = PBXBuildFile; fileRef = 5F62499D2247991D00394FDE /* AddGroupViewController.xib */; };
		5F6249A122479F3300394FDE /* AddGroupViewModel.swift in Sources */ = {isa = PBXBuildFile; fileRef = 5F6249A022479F3300394FDE /* AddGroupViewModel.swift */; };
		5F6249A52247F44C00394FDE /* Codable+Dictionary.swift in Sources */ = {isa = PBXBuildFile; fileRef = 5F6249A42247F44C00394FDE /* Codable+Dictionary.swift */; };
		5F6249A822482DC000394FDE /* UITextField+DatePicker.swift in Sources */ = {isa = PBXBuildFile; fileRef = 5F6249A722482DC000394FDE /* UITextField+DatePicker.swift */; };
		5FA4FC7A224FDD8A00025ECD /* GroupDetailNoteRouteCoordinator.swift in Sources */ = {isa = PBXBuildFile; fileRef = 5FA4FC79224FDD8A00025ECD /* GroupDetailNoteRouteCoordinator.swift */; };
		5FA4FC7E224FE44000025ECD /* GroupDetailViewController.swift in Sources */ = {isa = PBXBuildFile; fileRef = 5FA4FC7C224FE44000025ECD /* GroupDetailViewController.swift */; };
		5FA4FC7F224FE44000025ECD /* GroupDetailViewController.xib in Resources */ = {isa = PBXBuildFile; fileRef = 5FA4FC7D224FE44000025ECD /* GroupDetailViewController.xib */; };
		5FA4FC81224FE49500025ECD /* GroupDetailViewModel.swift in Sources */ = {isa = PBXBuildFile; fileRef = 5FA4FC80224FE49500025ECD /* GroupDetailViewModel.swift */; };
		5FC1624022498613003785B0 /* GroupTableViewCell.swift in Sources */ = {isa = PBXBuildFile; fileRef = 5FC1623E22498613003785B0 /* GroupTableViewCell.swift */; };
		5FC1624122498613003785B0 /* GroupTableViewCell.xib in Resources */ = {isa = PBXBuildFile; fileRef = 5FC1623F22498613003785B0 /* GroupTableViewCell.xib */; };
		5FC162472249911A003785B0 /* GroupListViewController.xib in Resources */ = {isa = PBXBuildFile; fileRef = 5FC162452249911A003785B0 /* GroupListViewController.xib */; };
/* End PBXBuildFile section */

/* Begin PBXFileReference section */
		38173DDCBE534B4AEF3768AE /* Pods-Grupos Camino Santiago.release.xcconfig */ = {isa = PBXFileReference; includeInIndex = 1; lastKnownFileType = text.xcconfig; name = "Pods-Grupos Camino Santiago.release.xcconfig"; path = "Pods/Target Support Files/Pods-Grupos Camino Santiago/Pods-Grupos Camino Santiago.release.xcconfig"; sourceTree = "<group>"; };
		5F522AAD224A9CB8006D9CDB /* GroupListViewController.swift */ = {isa = PBXFileReference; lastKnownFileType = sourcecode.swift; path = GroupListViewController.swift; sourceTree = "<group>"; };
		5F6249512246E15500394FDE /* Grupos Camino Santiago.app */ = {isa = PBXFileReference; explicitFileType = wrapper.application; includeInIndex = 0; path = "Grupos Camino Santiago.app"; sourceTree = BUILT_PRODUCTS_DIR; };
		5F6249542246E15500394FDE /* AppDelegate.swift */ = {isa = PBXFileReference; lastKnownFileType = sourcecode.swift; path = AppDelegate.swift; sourceTree = "<group>"; };
		5F6249592246E15500394FDE /* Base */ = {isa = PBXFileReference; lastKnownFileType = file.storyboard; name = Base; path = Base.lproj/Main.storyboard; sourceTree = "<group>"; };
		5F62495B2246E15600394FDE /* Assets.xcassets */ = {isa = PBXFileReference; lastKnownFileType = folder.assetcatalog; path = Assets.xcassets; sourceTree = "<group>"; };
		5F62495E2246E15600394FDE /* Base */ = {isa = PBXFileReference; lastKnownFileType = file.storyboard; name = Base; path = Base.lproj/LaunchScreen.storyboard; sourceTree = "<group>"; };
		5F6249602246E15600394FDE /* Info.plist */ = {isa = PBXFileReference; lastKnownFileType = text.plist.xml; path = Info.plist; sourceTree = "<group>"; };
		5F62497D2246E98200394FDE /* GroupsRepository.swift */ = {isa = PBXFileReference; lastKnownFileType = sourcecode.swift; path = GroupsRepository.swift; sourceTree = "<group>"; };
		5F62497F2246EAF200394FDE /* GroupViewModel.swift */ = {isa = PBXFileReference; lastKnownFileType = sourcecode.swift; path = GroupViewModel.swift; sourceTree = "<group>"; };
		5F6249812246ECBE00394FDE /* GroupListViewModel.swift */ = {isa = PBXFileReference; lastKnownFileType = sourcecode.swift; path = GroupListViewModel.swift; sourceTree = "<group>"; };
		5F62498F2246FE9800394FDE /* User.swift */ = {isa = PBXFileReference; lastKnownFileType = sourcecode.swift; path = User.swift; sourceTree = "<group>"; };
		5F6249902246FE9800394FDE /* Post.swift */ = {isa = PBXFileReference; lastKnownFileType = sourcecode.swift; path = Post.swift; sourceTree = "<group>"; };
		5F6249912246FE9800394FDE /* Group.swift */ = {isa = PBXFileReference; lastKnownFileType = sourcecode.swift; path = Group.swift; sourceTree = "<group>"; };
		5F6249922246FE9800394FDE /* UserGroups.swift */ = {isa = PBXFileReference; lastKnownFileType = sourcecode.swift; path = UserGroups.swift; sourceTree = "<group>"; };
		5F62499822478D0300394FDE /* MainRouteCoordinator.swift */ = {isa = PBXFileReference; lastKnownFileType = sourcecode.swift; path = MainRouteCoordinator.swift; sourceTree = "<group>"; };
		5F62499C2247991D00394FDE /* AddGroupViewController.swift */ = {isa = PBXFileReference; lastKnownFileType = sourcecode.swift; path = AddGroupViewController.swift; sourceTree = "<group>"; };
		5F62499D2247991D00394FDE /* AddGroupViewController.xib */ = {isa = PBXFileReference; lastKnownFileType = file.xib; path = AddGroupViewController.xib; sourceTree = "<group>"; };
		5F6249A022479F3300394FDE /* AddGroupViewModel.swift */ = {isa = PBXFileReference; lastKnownFileType = sourcecode.swift; path = AddGroupViewModel.swift; sourceTree = "<group>"; };
		5F6249A42247F44C00394FDE /* Codable+Dictionary.swift */ = {isa = PBXFileReference; lastKnownFileType = sourcecode.swift; path = "Codable+Dictionary.swift"; sourceTree = "<group>"; };
		5F6249A722482DC000394FDE /* UITextField+DatePicker.swift */ = {isa = PBXFileReference; lastKnownFileType = sourcecode.swift; path = "UITextField+DatePicker.swift"; sourceTree = "<group>"; };
		5FA4FC79224FDD8A00025ECD /* GroupDetailNoteRouteCoordinator.swift */ = {isa = PBXFileReference; lastKnownFileType = sourcecode.swift; path = GroupDetailNoteRouteCoordinator.swift; sourceTree = "<group>"; };
		5FA4FC7C224FE44000025ECD /* GroupDetailViewController.swift */ = {isa = PBXFileReference; lastKnownFileType = sourcecode.swift; path = GroupDetailViewController.swift; sourceTree = "<group>"; };
		5FA4FC7D224FE44000025ECD /* GroupDetailViewController.xib */ = {isa = PBXFileReference; lastKnownFileType = file.xib; path = GroupDetailViewController.xib; sourceTree = "<group>"; };
		5FA4FC80224FE49500025ECD /* GroupDetailViewModel.swift */ = {isa = PBXFileReference; lastKnownFileType = sourcecode.swift; path = GroupDetailViewModel.swift; sourceTree = "<group>"; };
		5FC1623E22498613003785B0 /* GroupTableViewCell.swift */ = {isa = PBXFileReference; lastKnownFileType = sourcecode.swift; path = GroupTableViewCell.swift; sourceTree = "<group>"; };
		5FC1623F22498613003785B0 /* GroupTableViewCell.xib */ = {isa = PBXFileReference; lastKnownFileType = file.xib; path = GroupTableViewCell.xib; sourceTree = "<group>"; };
		5FC162452249911A003785B0 /* GroupListViewController.xib */ = {isa = PBXFileReference; lastKnownFileType = file.xib; path = GroupListViewController.xib; sourceTree = "<group>"; };
		62DFD874927CF6C5021228A8 /* Pods_Grupos_Camino_Santiago.framework */ = {isa = PBXFileReference; explicitFileType = wrapper.framework; includeInIndex = 0; path = Pods_Grupos_Camino_Santiago.framework; sourceTree = BUILT_PRODUCTS_DIR; };
		75A84E922BF484B3865094D7 /* Pods-Grupos Camino Santiago.debug.xcconfig */ = {isa = PBXFileReference; includeInIndex = 1; lastKnownFileType = text.xcconfig; name = "Pods-Grupos Camino Santiago.debug.xcconfig"; path = "Pods/Target Support Files/Pods-Grupos Camino Santiago/Pods-Grupos Camino Santiago.debug.xcconfig"; sourceTree = "<group>"; };
/* End PBXFileReference section */

/* Begin PBXFrameworksBuildPhase section */
		5F62494E2246E15500394FDE /* Frameworks */ = {
			isa = PBXFrameworksBuildPhase;
			buildActionMask = 2147483647;
			files = (
				1D2D3C281C8B10620BEFEE0E /* Pods_Grupos_Camino_Santiago.framework in Frameworks */,
			);
			runOnlyForDeploymentPostprocessing = 0;
		};
/* End PBXFrameworksBuildPhase section */

/* Begin PBXGroup section */
		5F6249482246E15500394FDE = {
			isa = PBXGroup;
			children = (
				5F6249532246E15500394FDE /* Grupos Camino Santiago */,
				5F6249522246E15500394FDE /* Products */,
				A0F04A0AF1B47E311958ABE7 /* Pods */,
				A9951F2E2970C851D73123C6 /* Frameworks */,
			);
			sourceTree = "<group>";
		};
		5F6249522246E15500394FDE /* Products */ = {
			isa = PBXGroup;
			children = (
				5F6249512246E15500394FDE /* Grupos Camino Santiago.app */,
			);
			name = Products;
			sourceTree = "<group>";
		};
		5F6249532246E15500394FDE /* Grupos Camino Santiago */ = {
			isa = PBXGroup;
			children = (
				5FA4FC7B224FE41500025ECD /* Group Detail */,
				5F6249A62247F51C00394FDE /* Extensions */,
				5F62499722478CEC00394FDE /* Route Coordinators */,
				5F62497A2246E51300394FDE /* Groups List */,
				5F62499B2247989C00394FDE /* Add Group */,
				5F62498E2246FE8A00394FDE /* Model */,
				5F6249712246E42A00394FDE /* Repository */,
				5F6249582246E15500394FDE /* Main.storyboard */,
				5F6249542246E15500394FDE /* AppDelegate.swift */,
				5F62495B2246E15600394FDE /* Assets.xcassets */,
				5F62495D2246E15600394FDE /* LaunchScreen.storyboard */,
				5F6249602246E15600394FDE /* Info.plist */,
			);
			path = "Grupos Camino Santiago";
			sourceTree = "<group>";
		};
		5F6249712246E42A00394FDE /* Repository */ = {
			isa = PBXGroup;
			children = (
				5F62497D2246E98200394FDE /* GroupsRepository.swift */,
			);
			path = Repository;
			sourceTree = "<group>";
		};
		5F62497A2246E51300394FDE /* Groups List */ = {
			isa = PBXGroup;
			children = (
				5F522AAD224A9CB8006D9CDB /* GroupListViewController.swift */,
				5FC162452249911A003785B0 /* GroupListViewController.xib */,
				5F6249812246ECBE00394FDE /* GroupListViewModel.swift */,
				5F62497F2246EAF200394FDE /* GroupViewModel.swift */,
				5FC1623E22498613003785B0 /* GroupTableViewCell.swift */,
				5FC1623F22498613003785B0 /* GroupTableViewCell.xib */,
			);
			path = "Groups List";
			sourceTree = "<group>";
		};
		5F62498E2246FE8A00394FDE /* Model */ = {
			isa = PBXGroup;
			children = (
				5F6249912246FE9800394FDE /* Group.swift */,
				5F6249902246FE9800394FDE /* Post.swift */,
				5F62498F2246FE9800394FDE /* User.swift */,
				5F6249922246FE9800394FDE /* UserGroups.swift */,
			);
			path = Model;
			sourceTree = "<group>";
		};
		5F62499722478CEC00394FDE /* Route Coordinators */ = {
			isa = PBXGroup;
			children = (
				5F62499822478D0300394FDE /* MainRouteCoordinator.swift */,
				5FA4FC79224FDD8A00025ECD /* GroupDetailNoteRouteCoordinator.swift */,
			);
			path = "Route Coordinators";
			sourceTree = "<group>";
		};
		5F62499B2247989C00394FDE /* Add Group */ = {
			isa = PBXGroup;
			children = (
				5F62499C2247991D00394FDE /* AddGroupViewController.swift */,
				5F6249A022479F3300394FDE /* AddGroupViewModel.swift */,
				5F62499D2247991D00394FDE /* AddGroupViewController.xib */,
			);
			path = "Add Group";
			sourceTree = "<group>";
		};
		5F6249A62247F51C00394FDE /* Extensions */ = {
			isa = PBXGroup;
			children = (
				5F6249A42247F44C00394FDE /* Codable+Dictionary.swift */,
				5F6249A722482DC000394FDE /* UITextField+DatePicker.swift */,
			);
			path = Extensions;
			sourceTree = "<group>";
		};
		5FA4FC7B224FE41500025ECD /* Group Detail */ = {
			isa = PBXGroup;
			children = (
				5FA4FC7C224FE44000025ECD /* GroupDetailViewController.swift */,
				5FA4FC7D224FE44000025ECD /* GroupDetailViewController.xib */,
				5FA4FC80224FE49500025ECD /* GroupDetailViewModel.swift */,
			);
			path = "Group Detail";
			sourceTree = "<group>";
		};
		A0F04A0AF1B47E311958ABE7 /* Pods */ = {
			isa = PBXGroup;
			children = (
				75A84E922BF484B3865094D7 /* Pods-Grupos Camino Santiago.debug.xcconfig */,
				38173DDCBE534B4AEF3768AE /* Pods-Grupos Camino Santiago.release.xcconfig */,
			);
			name = Pods;
			sourceTree = "<group>";
		};
		A9951F2E2970C851D73123C6 /* Frameworks */ = {
			isa = PBXGroup;
			children = (
				62DFD874927CF6C5021228A8 /* Pods_Grupos_Camino_Santiago.framework */,
			);
			name = Frameworks;
			sourceTree = "<group>";
		};
/* End PBXGroup section */

/* Begin PBXNativeTarget section */
		5F6249502246E15500394FDE /* Grupos Camino Santiago */ = {
			isa = PBXNativeTarget;
			buildConfigurationList = 5F6249632246E15600394FDE /* Build configuration list for PBXNativeTarget "Grupos Camino Santiago" */;
			buildPhases = (
				8A4FA4C7100F211C9D5DE37A /* [CP] Check Pods Manifest.lock */,
				5F62494D2246E15500394FDE /* Sources */,
				5F62494E2246E15500394FDE /* Frameworks */,
				5F62494F2246E15500394FDE /* Resources */,
				E1304CCC5AF3EE77E23F4E3C /* [CP] Embed Pods Frameworks */,
				CB9206ABD37341FC525742E5 /* [CP] Copy Pods Resources */,
			);
			buildRules = (
			);
			dependencies = (
			);
			name = "Grupos Camino Santiago";
			productName = "Grupos Camino Santiago";
			productReference = 5F6249512246E15500394FDE /* Grupos Camino Santiago.app */;
			productType = "com.apple.product-type.application";
		};
/* End PBXNativeTarget section */

/* Begin PBXProject section */
		5F6249492246E15500394FDE /* Project object */ = {
			isa = PBXProject;
			attributes = {
				LastSwiftUpdateCheck = 1010;
				LastUpgradeCheck = 1010;
				ORGANIZATIONNAME = "Miguel Pérez";
				TargetAttributes = {
					5F6249502246E15500394FDE = {
						CreatedOnToolsVersion = 10.1;
					};
				};
			};
			buildConfigurationList = 5F62494C2246E15500394FDE /* Build configuration list for PBXProject "Grupos Camino Santiago" */;
			compatibilityVersion = "Xcode 9.3";
			developmentRegion = en;
			hasScannedForEncodings = 0;
			knownRegions = (
				en,
				Base,
			);
			mainGroup = 5F6249482246E15500394FDE;
			productRefGroup = 5F6249522246E15500394FDE /* Products */;
			projectDirPath = "";
			projectRoot = "";
			targets = (
				5F6249502246E15500394FDE /* Grupos Camino Santiago */,
			);
		};
/* End PBXProject section */

/* Begin PBXResourcesBuildPhase section */
		5F62494F2246E15500394FDE /* Resources */ = {
			isa = PBXResourcesBuildPhase;
			buildActionMask = 2147483647;
			files = (
				5FC162472249911A003785B0 /* GroupListViewController.xib in Resources */,
				5F62499F2247991D00394FDE /* AddGroupViewController.xib in Resources */,
				5F62495F2246E15600394FDE /* LaunchScreen.storyboard in Resources */,
				5F62495C2246E15600394FDE /* Assets.xcassets in Resources */,
				5FC1624122498613003785B0 /* GroupTableViewCell.xib in Resources */,
				5F62495A2246E15500394FDE /* Main.storyboard in Resources */,
				5FA4FC7F224FE44000025ECD /* GroupDetailViewController.xib in Resources */,
			);
			runOnlyForDeploymentPostprocessing = 0;
		};
/* End PBXResourcesBuildPhase section */

/* Begin PBXShellScriptBuildPhase section */
		8A4FA4C7100F211C9D5DE37A /* [CP] Check Pods Manifest.lock */ = {
			isa = PBXShellScriptBuildPhase;
			buildActionMask = 2147483647;
			files = (
			);
			inputPaths = (
				"${PODS_PODFILE_DIR_PATH}/Podfile.lock",
				"${PODS_ROOT}/Manifest.lock",
			);
			name = "[CP] Check Pods Manifest.lock";
			outputPaths = (
				"$(DERIVED_FILE_DIR)/Pods-Grupos Camino Santiago-checkManifestLockResult.txt",
			);
			runOnlyForDeploymentPostprocessing = 0;
			shellPath = /bin/sh;
			shellScript = "diff \"${PODS_PODFILE_DIR_PATH}/Podfile.lock\" \"${PODS_ROOT}/Manifest.lock\" > /dev/null\nif [ $? != 0 ] ; then\n    # print error to STDERR\n    echo \"error: The sandbox is not in sync with the Podfile.lock. Run 'pod install' or update your CocoaPods installation.\" >&2\n    exit 1\nfi\n# This output is used by Xcode 'outputs' to avoid re-running this script phase.\necho \"SUCCESS\" > \"${SCRIPT_OUTPUT_FILE_0}\"\n";
			showEnvVarsInLog = 0;
		};
		CB9206ABD37341FC525742E5 /* [CP] Copy Pods Resources */ = {
			isa = PBXShellScriptBuildPhase;
			buildActionMask = 2147483647;
			files = (
			);
			inputPaths = (
			);
			name = "[CP] Copy Pods Resources";
			outputPaths = (
			);
			runOnlyForDeploymentPostprocessing = 0;
			shellPath = /bin/sh;
			shellScript = "\"${SRCROOT}/Pods/Target Support Files/Pods-Grupos Camino Santiago/Pods-Grupos Camino Santiago-resources.sh\"\n";
			showEnvVarsInLog = 0;
		};
		E1304CCC5AF3EE77E23F4E3C /* [CP] Embed Pods Frameworks */ = {
			isa = PBXShellScriptBuildPhase;
			buildActionMask = 2147483647;
			files = (
			);
			inputPaths = (
				"${SRCROOT}/Pods/Target Support Files/Pods-Grupos Camino Santiago/Pods-Grupos Camino Santiago-frameworks.sh",
				"${BUILT_PRODUCTS_DIR}/Alamofire/Alamofire.framework",
			);
			name = "[CP] Embed Pods Frameworks";
			outputPaths = (
				"${TARGET_BUILD_DIR}/${FRAMEWORKS_FOLDER_PATH}/Alamofire.framework",
			);
			runOnlyForDeploymentPostprocessing = 0;
			shellPath = /bin/sh;
			shellScript = "\"${SRCROOT}/Pods/Target Support Files/Pods-Grupos Camino Santiago/Pods-Grupos Camino Santiago-frameworks.sh\"\n";
			showEnvVarsInLog = 0;
		};
/* End PBXShellScriptBuildPhase section */

/* Begin PBXSourcesBuildPhase section */
		5F62494D2246E15500394FDE /* Sources */ = {
			isa = PBXSourcesBuildPhase;
			buildActionMask = 2147483647;
			files = (
				5F6249952246FF8D00394FDE /* Group.swift in Sources */,
				5F62497E2246E98200394FDE /* GroupsRepository.swift in Sources */,
				5FA4FC7E224FE44000025ECD /* GroupDetailViewController.swift in Sources */,
				5FC1624022498613003785B0 /* GroupTableViewCell.swift in Sources */,
				5F6249822246ECBE00394FDE /* GroupListViewModel.swift in Sources */,
				5F62499A2247984A00394FDE /* MainRouteCoordinator.swift in Sources */,
				5F6249A822482DC000394FDE /* UITextField+DatePicker.swift in Sources */,
				5F6249A52247F44C00394FDE /* Codable+Dictionary.swift in Sources */,
				5F62499E2247991D00394FDE /* AddGroupViewController.swift in Sources */,
				5F6249942246FF8D00394FDE /* UserGroups.swift in Sources */,
				5FA4FC7A224FDD8A00025ECD /* GroupDetailNoteRouteCoordinator.swift in Sources */,
				5F6249552246E15500394FDE /* AppDelegate.swift in Sources */,
				5F6249A122479F3300394FDE /* AddGroupViewModel.swift in Sources */,
				5F6249932246FF8D00394FDE /* Post.swift in Sources */,
				5F522AAE224A9CB8006D9CDB /* GroupListViewController.swift in Sources */,
				5F6249962246FF8D00394FDE /* User.swift in Sources */,
				5F6249802246EAF200394FDE /* GroupViewModel.swift in Sources */,
				5FA4FC81224FE49500025ECD /* GroupDetailViewModel.swift in Sources */,
			);
			runOnlyForDeploymentPostprocessing = 0;
		};
/* End PBXSourcesBuildPhase section */

/* Begin PBXVariantGroup section */
		5F6249582246E15500394FDE /* Main.storyboard */ = {
			isa = PBXVariantGroup;
			children = (
				5F6249592246E15500394FDE /* Base */,
			);
			name = Main.storyboard;
			sourceTree = "<group>";
		};
		5F62495D2246E15600394FDE /* LaunchScreen.storyboard */ = {
			isa = PBXVariantGroup;
			children = (
				5F62495E2246E15600394FDE /* Base */,
			);
			name = LaunchScreen.storyboard;
			sourceTree = "<group>";
		};
/* End PBXVariantGroup section */

/* Begin XCBuildConfiguration section */
		5F6249612246E15600394FDE /* Debug */ = {
			isa = XCBuildConfiguration;
			buildSettings = {
				ALWAYS_SEARCH_USER_PATHS = NO;
				CLANG_ANALYZER_NONNULL = YES;
				CLANG_ANALYZER_NUMBER_OBJECT_CONVERSION = YES_AGGRESSIVE;
				CLANG_CXX_LANGUAGE_STANDARD = "gnu++14";
				CLANG_CXX_LIBRARY = "libc++";
				CLANG_ENABLE_MODULES = YES;
				CLANG_ENABLE_OBJC_ARC = YES;
				CLANG_ENABLE_OBJC_WEAK = YES;
				CLANG_WARN_BLOCK_CAPTURE_AUTORELEASING = YES;
				CLANG_WARN_BOOL_CONVERSION = YES;
				CLANG_WARN_COMMA = YES;
				CLANG_WARN_CONSTANT_CONVERSION = YES;
				CLANG_WARN_DEPRECATED_OBJC_IMPLEMENTATIONS = YES;
				CLANG_WARN_DIRECT_OBJC_ISA_USAGE = YES_ERROR;
				CLANG_WARN_DOCUMENTATION_COMMENTS = YES;
				CLANG_WARN_EMPTY_BODY = YES;
				CLANG_WARN_ENUM_CONVERSION = YES;
				CLANG_WARN_INFINITE_RECURSION = YES;
				CLANG_WARN_INT_CONVERSION = YES;
				CLANG_WARN_NON_LITERAL_NULL_CONVERSION = YES;
				CLANG_WARN_OBJC_IMPLICIT_RETAIN_SELF = YES;
				CLANG_WARN_OBJC_LITERAL_CONVERSION = YES;
				CLANG_WARN_OBJC_ROOT_CLASS = YES_ERROR;
				CLANG_WARN_RANGE_LOOP_ANALYSIS = YES;
				CLANG_WARN_STRICT_PROTOTYPES = YES;
				CLANG_WARN_SUSPICIOUS_MOVE = YES;
				CLANG_WARN_UNGUARDED_AVAILABILITY = YES_AGGRESSIVE;
				CLANG_WARN_UNREACHABLE_CODE = YES;
				CLANG_WARN__DUPLICATE_METHOD_MATCH = YES;
				CODE_SIGN_IDENTITY = "iPhone Developer";
				COPY_PHASE_STRIP = NO;
				DEBUG_INFORMATION_FORMAT = dwarf;
				ENABLE_STRICT_OBJC_MSGSEND = YES;
				ENABLE_TESTABILITY = YES;
				GCC_C_LANGUAGE_STANDARD = gnu11;
				GCC_DYNAMIC_NO_PIC = NO;
				GCC_NO_COMMON_BLOCKS = YES;
				GCC_OPTIMIZATION_LEVEL = 0;
				GCC_PREPROCESSOR_DEFINITIONS = (
					"DEBUG=1",
					"$(inherited)",
				);
				GCC_WARN_64_TO_32_BIT_CONVERSION = YES;
				GCC_WARN_ABOUT_RETURN_TYPE = YES_ERROR;
				GCC_WARN_UNDECLARED_SELECTOR = YES;
				GCC_WARN_UNINITIALIZED_AUTOS = YES_AGGRESSIVE;
				GCC_WARN_UNUSED_FUNCTION = YES;
				GCC_WARN_UNUSED_VARIABLE = YES;
				IPHONEOS_DEPLOYMENT_TARGET = 12.1;
				MTL_ENABLE_DEBUG_INFO = INCLUDE_SOURCE;
				MTL_FAST_MATH = YES;
				ONLY_ACTIVE_ARCH = YES;
				SDKROOT = iphoneos;
				SWIFT_ACTIVE_COMPILATION_CONDITIONS = DEBUG;
				SWIFT_OPTIMIZATION_LEVEL = "-Onone";
			};
			name = Debug;
		};
		5F6249622246E15600394FDE /* Release */ = {
			isa = XCBuildConfiguration;
			buildSettings = {
				ALWAYS_SEARCH_USER_PATHS = NO;
				CLANG_ANALYZER_NONNULL = YES;
				CLANG_ANALYZER_NUMBER_OBJECT_CONVERSION = YES_AGGRESSIVE;
				CLANG_CXX_LANGUAGE_STANDARD = "gnu++14";
				CLANG_CXX_LIBRARY = "libc++";
				CLANG_ENABLE_MODULES = YES;
				CLANG_ENABLE_OBJC_ARC = YES;
				CLANG_ENABLE_OBJC_WEAK = YES;
				CLANG_WARN_BLOCK_CAPTURE_AUTORELEASING = YES;
				CLANG_WARN_BOOL_CONVERSION = YES;
				CLANG_WARN_COMMA = YES;
				CLANG_WARN_CONSTANT_CONVERSION = YES;
				CLANG_WARN_DEPRECATED_OBJC_IMPLEMENTATIONS = YES;
				CLANG_WARN_DIRECT_OBJC_ISA_USAGE = YES_ERROR;
				CLANG_WARN_DOCUMENTATION_COMMENTS = YES;
				CLANG_WARN_EMPTY_BODY = YES;
				CLANG_WARN_ENUM_CONVERSION = YES;
				CLANG_WARN_INFINITE_RECURSION = YES;
				CLANG_WARN_INT_CONVERSION = YES;
				CLANG_WARN_NON_LITERAL_NULL_CONVERSION = YES;
				CLANG_WARN_OBJC_IMPLICIT_RETAIN_SELF = YES;
				CLANG_WARN_OBJC_LITERAL_CONVERSION = YES;
				CLANG_WARN_OBJC_ROOT_CLASS = YES_ERROR;
				CLANG_WARN_RANGE_LOOP_ANALYSIS = YES;
				CLANG_WARN_STRICT_PROTOTYPES = YES;
				CLANG_WARN_SUSPICIOUS_MOVE = YES;
				CLANG_WARN_UNGUARDED_AVAILABILITY = YES_AGGRESSIVE;
				CLANG_WARN_UNREACHABLE_CODE = YES;
				CLANG_WARN__DUPLICATE_METHOD_MATCH = YES;
				CODE_SIGN_IDENTITY = "iPhone Developer";
				COPY_PHASE_STRIP = NO;
				DEBUG_INFORMATION_FORMAT = "dwarf-with-dsym";
				ENABLE_NS_ASSERTIONS = NO;
				ENABLE_STRICT_OBJC_MSGSEND = YES;
				GCC_C_LANGUAGE_STANDARD = gnu11;
				GCC_NO_COMMON_BLOCKS = YES;
				GCC_WARN_64_TO_32_BIT_CONVERSION = YES;
				GCC_WARN_ABOUT_RETURN_TYPE = YES_ERROR;
				GCC_WARN_UNDECLARED_SELECTOR = YES;
				GCC_WARN_UNINITIALIZED_AUTOS = YES_AGGRESSIVE;
				GCC_WARN_UNUSED_FUNCTION = YES;
				GCC_WARN_UNUSED_VARIABLE = YES;
				IPHONEOS_DEPLOYMENT_TARGET = 12.1;
				MTL_ENABLE_DEBUG_INFO = NO;
				MTL_FAST_MATH = YES;
				SDKROOT = iphoneos;
				SWIFT_COMPILATION_MODE = wholemodule;
				SWIFT_OPTIMIZATION_LEVEL = "-O";
				VALIDATE_PRODUCT = YES;
			};
			name = Release;
		};
		5F6249642246E15600394FDE /* Debug */ = {
			isa = XCBuildConfiguration;
			baseConfigurationReference = 75A84E922BF484B3865094D7 /* Pods-Grupos Camino Santiago.debug.xcconfig */;
			buildSettings = {
				ASSETCATALOG_COMPILER_APPICON_NAME = AppIcon;
				CODE_SIGN_STYLE = Automatic;
				DEVELOPMENT_TEAM = FT7Q388UHJ;
				INFOPLIST_FILE = "Grupos Camino Santiago/Info.plist";
				IPHONEOS_DEPLOYMENT_TARGET = 11.0;
				LD_RUNPATH_SEARCH_PATHS = (
					"$(inherited)",
					"@executable_path/Frameworks",
				);
				PRODUCT_BUNDLE_IDENTIFIER = "es.upsa.mimo.Grupos-Camino-Santiago";
				PRODUCT_NAME = "$(TARGET_NAME)";
				SWIFT_VERSION = 4.2;
				TARGETED_DEVICE_FAMILY = "1,2";
			};
			name = Debug;
		};
		5F6249652246E15600394FDE /* Release */ = {
			isa = XCBuildConfiguration;
			baseConfigurationReference = 38173DDCBE534B4AEF3768AE /* Pods-Grupos Camino Santiago.release.xcconfig */;
			buildSettings = {
				ASSETCATALOG_COMPILER_APPICON_NAME = AppIcon;
				CODE_SIGN_STYLE = Automatic;
				DEVELOPMENT_TEAM = FT7Q388UHJ;
				INFOPLIST_FILE = "Grupos Camino Santiago/Info.plist";
				IPHONEOS_DEPLOYMENT_TARGET = 11.0;
				LD_RUNPATH_SEARCH_PATHS = (
					"$(inherited)",
					"@executable_path/Frameworks",
				);
				PRODUCT_BUNDLE_IDENTIFIER = "es.upsa.mimo.Grupos-Camino-Santiago";
				PRODUCT_NAME = "$(TARGET_NAME)";
				SWIFT_VERSION = 4.2;
				TARGETED_DEVICE_FAMILY = "1,2";
			};
			name = Release;
		};
/* End XCBuildConfiguration section */

/* Begin XCConfigurationList section */
		5F62494C2246E15500394FDE /* Build configuration list for PBXProject "Grupos Camino Santiago" */ = {
			isa = XCConfigurationList;
			buildConfigurations = (
				5F6249612246E15600394FDE /* Debug */,
				5F6249622246E15600394FDE /* Release */,
			);
			defaultConfigurationIsVisible = 0;
			defaultConfigurationName = Release;
		};
		5F6249632246E15600394FDE /* Build configuration list for PBXNativeTarget "Grupos Camino Santiago" */ = {
			isa = XCConfigurationList;
			buildConfigurations = (
				5F6249642246E15600394FDE /* Debug */,
				5F6249652246E15600394FDE /* Release */,
			);
			defaultConfigurationIsVisible = 0;
			defaultConfigurationName = Release;
		};
/* End XCConfigurationList section */
	};
	rootObject = 5F6249492246E15500394FDE /* Project object */;
}
